
Microsoft Visual Studio Solution File, Format Version 12.00
# Visual Studio Version 17
VisualStudioVersion = 17.1.32228.430
MinimumVisualStudioVersion = 10.0.40219.1
Project("{FAE04EC0-301F-11D3-BF4B-00C04F79EFBC}") = "SD74280_Server", "..\Desafios\74280\SD74280\SD74280_Server.csproj", "{BC7747C7-0DE7-402A-86C7-CC1B96E70E1C}"
EndProject
Project("{FAE04EC0-301F-11D3-BF4B-00C04F79EFBC}") = "SD74280_Cliente", "..\SD74280_Cliente\SD74280_Cliente.csproj", "{336F6B0A-DE41-421A-99E0-A3F58AA39A21}"
EndProject
Global
	GlobalSection(SolutionConfigurationPlatforms) = preSolution
		Debug|Any CPU = Debug|Any CPU
		Release|Any CPU = Release|Any CPU
	EndGlobalSection
	GlobalSection(ProjectConfigurationPlatforms) = postSolution
		{BC7747C7-0DE7-402A-86C7-CC1B96E70E1C}.Debug|Any CPU.ActiveCfg = Debug|Any CPU
		{BC7747C7-0DE7-402A-86C7-CC1B96E70E1C}.Debug|Any CPU.Build.0 = Debug|Any CPU
		{BC7747C7-0DE7-402A-86C7-CC1B96E70E1C}.Release|Any CPU.ActiveCfg = Release|Any CPU
		{BC7747C7-0DE7-402A-86C7-CC1B96E70E1C}.Release|Any CPU.Build.0 = Release|Any CPU
		{336F6B0A-DE41-421A-99E0-A3F58AA39A21}.Debug|Any CPU.ActiveCfg = Debug|Any CPU
		{336F6B0A-DE41-421A-99E0-A3F58AA39A21}.Debug|Any CPU.Build.0 = Debug|Any CPU
		{336F6B0A-DE41-421A-99E0-A3F58AA39A21}.Release|Any CPU.ActiveCfg = Release|Any CPU
		{336F6B0A-DE41-421A-99E0-A3F58AA39A21}.Release|Any CPU.Build.0 = Release|Any CPU
	EndGlobalSection
	GlobalSection(SolutionProperties) = preSolution
		HideSolutionNode = FALSE
	EndGlobalSection
	GlobalSection(ExtensibilityGlobals) = postSolution
		SolutionGuid = {2ED2A5A7-9BAE-4D09-AA5A-C03D6230912C}
	EndGlobalSection
EndGlobal
