
Microsoft Visual Studio Solution File, Format Version 12.00
# Visual Studio Version 17
VisualStudioVersion = 17.1.32228.430
MinimumVisualStudioVersion = 10.0.40219.1
Project("{FAE04EC0-301F-11D3-BF4B-00C04F79EFBC}") = "Aula 2 - Sockets - Client", "Client\Aula 2 - Sockets - Client.csproj", "{1DA02B66-7539-486A-A1E5-1C6518363FCC}"
EndProject
Project("{FAE04EC0-301F-11D3-BF4B-00C04F79EFBC}") = "Aula 2 - Sockets - Server", "Server\Aula 2 - Sockets - Server.csproj", "{141B76A0-A584-4F57-A8B8-8B057E0F1799}"
EndProject
Project("{FAE04EC0-301F-11D3-BF4B-00C04F79EFBC}") = "Aula 2 - Sockets - WebClient", "WebClient\Aula 2 - Sockets - WebClient.csproj", "{44C5A1A4-10AD-459D-BED0-7C21098F2489}"
EndProject
Global
	GlobalSection(SolutionConfigurationPlatforms) = preSolution
		Debug|Any CPU = Debug|Any CPU
		Release|Any CPU = Release|Any CPU
	EndGlobalSection
	GlobalSection(ProjectConfigurationPlatforms) = postSolution
		{1DA02B66-7539-486A-A1E5-1C6518363FCC}.Debug|Any CPU.ActiveCfg = Debug|Any CPU
		{1DA02B66-7539-486A-A1E5-1C6518363FCC}.Debug|Any CPU.Build.0 = Debug|Any CPU
		{1DA02B66-7539-486A-A1E5-1C6518363FCC}.Release|Any CPU.ActiveCfg = Release|Any CPU
		{1DA02B66-7539-486A-A1E5-1C6518363FCC}.Release|Any CPU.Build.0 = Release|Any CPU
		{141B76A0-A584-4F57-A8B8-8B057E0F1799}.Debug|Any CPU.ActiveCfg = Debug|Any CPU
		{141B76A0-A584-4F57-A8B8-8B057E0F1799}.Debug|Any CPU.Build.0 = Debug|Any CPU
		{141B76A0-A584-4F57-A8B8-8B057E0F1799}.Release|Any CPU.ActiveCfg = Release|Any CPU
		{141B76A0-A584-4F57-A8B8-8B057E0F1799}.Release|Any CPU.Build.0 = Release|Any CPU
		{44C5A1A4-10AD-459D-BED0-7C21098F2489}.Debug|Any CPU.ActiveCfg = Debug|Any CPU
		{44C5A1A4-10AD-459D-BED0-7C21098F2489}.Debug|Any CPU.Build.0 = Debug|Any CPU
		{44C5A1A4-10AD-459D-BED0-7C21098F2489}.Release|Any CPU.ActiveCfg = Release|Any CPU
		{44C5A1A4-10AD-459D-BED0-7C21098F2489}.Release|Any CPU.Build.0 = Release|Any CPU
	EndGlobalSection
	GlobalSection(SolutionProperties) = preSolution
		HideSolutionNode = FALSE
	EndGlobalSection
	GlobalSection(ExtensibilityGlobals) = postSolution
		SolutionGuid = {2ED2A5A7-9BAE-4D09-AA5A-C03D6230912C}
	EndGlobalSection
EndGlobal
